
Microsoft Visual Studio Solution File, Format Version 12.00
# Visual Studio Version 17
VisualStudioVersion = 17.5.33627.172
MinimumVisualStudioVersion = 10.0.40219.1
Project("{FAE04EC0-301F-11D3-BF4B-00C04F79EFBC}") = "WebApplication2", "WebApplication2\WebApplication2.csproj", "{6C5EC9D0-DA16-46B5-87F8-025D207721F1}"
EndProject
Global
	GlobalSection(SolutionConfigurationPlatforms) = preSolution
		Debug|Any CPU = Debug|Any CPU
		Release|Any CPU = Release|Any CPU
	EndGlobalSection
	GlobalSection(ProjectConfigurationPlatforms) = postSolution
		{6C5EC9D0-DA16-46B5-87F8-025D207721F1}.Debug|Any CPU.ActiveCfg = Debug|Any CPU
		{6C5EC9D0-DA16-46B5-87F8-025D207721F1}.Debug|Any CPU.Build.0 = Debug|Any CPU
		{6C5EC9D0-DA16-46B5-87F8-025D207721F1}.Release|Any CPU.ActiveCfg = Release|Any CPU
		{6C5EC9D0-DA16-46B5-87F8-025D207721F1}.Release|Any CPU.Build.0 = Release|Any CPU
	EndGlobalSection
	GlobalSection(SolutionProperties) = preSolution
		HideSolutionNode = FALSE
	EndGlobalSection
	GlobalSection(ExtensibilityGlobals) = postSolution
		SolutionGuid = {4CDDB21C-23CB-4C1C-BDB0-5BED42FF2CBB}
	EndGlobalSection
EndGlobal
